
Microsoft Visual Studio Solution File, Format Version 12.00
# Visual Studio Version 17
VisualStudioVersion = 17.0.31903.59
MinimumVisualStudioVersion = 10.0.40219.1
Project("{2150E333-8FDC-42A3-9474-1A3956D46DE8}") = "TSI.SMBC.Contracts", "TSI.SMBC.Contracts", "{9EB74186-50EA-4CA3-9C51-83229BEA4B7B}"
EndProject
Project("{9A19103F-16F7-4668-BE54-9A1E7A4F7556}") = "TSI.SMBC.Contracts", "TSI.SMBC.Contracts\src\TSI.SMBC.Contracts\TSI.SMBC.Contracts.csproj", "{26F172DD-03D1-46B5-9FA1-47EB2610ACA5}"
EndProject
Project("{9A19103F-16F7-4668-BE54-9A1E7A4F7556}") = "TSI.SMBC.Contracts.Tests", "TSI.SMBC.Contracts\tests\TSI.SMBC.Contracts.Tests\TSI.SMBC.Contracts.Tests.csproj", "{75EFAE7A-34AE-48B0-BD6D-D99909965162}"
EndProject
Project("{2150E333-8FDC-42A3-9474-1A3956D46DE8}") = "TSI.SMBC.Data", "TSI.SMBC.Data", "{17EAFB0F-012C-46D8-BA54-94313F8B101B}"
EndProject
Project("{9A19103F-16F7-4668-BE54-9A1E7A4F7556}") = "TSI.SMBC.Data", "TSI.SMBC.Data\src\TSI.SMBC.Data\TSI.SMBC.Data.csproj", "{BA9C66AC-A6E2-4B15-966B-E6BB571A1B57}"
EndProject
Project("{9A19103F-16F7-4668-BE54-9A1E7A4F7556}") = "TSI.SMBC.Data.Tests", "TSI.SMBC.Data\tests\TSI.SMBC.Data.Tests\TSI.SMBC.Data.Tests.csproj", "{3E7775E0-F59E-4DD1-95E3-43F264F22A07}"
EndProject
Project("{2150E333-8FDC-42A3-9474-1A3956D46DE8}") = "TSI.SMBC.Repository", "TSI.SMBC.Repository", "{AAA15968-F652-47D8-AC72-68B0B32FE7E6}"
EndProject
Project("{2150E333-8FDC-42A3-9474-1A3956D46DE8}") = "TSI.SMBC.Services", "TSI.SMBC.Services", "{F8586662-2BD1-4139-8477-1FCC79C9109A}"
EndProject
Project("{2150E333-8FDC-42A3-9474-1A3956D46DE8}") = "TSI.SMBC.IoC", "TSI.SMBC.IoC", "{D0A39720-17CB-4F3E-976C-B799501859CE}"
EndProject
Project("{2150E333-8FDC-42A3-9474-1A3956D46DE8}") = "TSI.SMBC.WebAPI", "TSI.SMBC.WebAPI", "{3A1B85B2-1168-4B6E-B202-AA8A42EF993C}"
EndProject
Project("{9A19103F-16F7-4668-BE54-9A1E7A4F7556}") = "TSI.SMBC.IoC", "TSI.SMBC.IoC\src\TSI.SMBC.IoC\TSI.SMBC.IoC.csproj", "{71BD219A-C259-4F44-8208-75C97ACE4160}"
EndProject
Project("{9A19103F-16F7-4668-BE54-9A1E7A4F7556}") = "TSI.SMBC.IoC.Tests", "TSI.SMBC.IoC\tests\TSI.SMBC.IoC.Tests\TSI.SMBC.IoC.Tests.csproj", "{89DB30F9-3264-48A1-A7E4-6B79DFCD4ED2}"
EndProject
Project("{9A19103F-16F7-4668-BE54-9A1E7A4F7556}") = "TSI.SMBC.Repository", "TSI.SMBC.Repository\src\TSI.SMBC.Repository\TSI.SMBC.Repository.csproj", "{F6828AC7-A5B5-4E08-82BE-A024E4B462A5}"
EndProject
Project("{9A19103F-16F7-4668-BE54-9A1E7A4F7556}") = "TSI.SMBC.Repository.Tests", "TSI.SMBC.Repository\tests\TSI.SMBC.Repository.Tests\TSI.SMBC.Repository.Tests.csproj", "{E18D4588-F7B3-43C7-9202-B5B62028E6BB}"
EndProject
Project("{9A19103F-16F7-4668-BE54-9A1E7A4F7556}") = "TSI.SMBC.Services", "TSI.SMBC.Services\src\TSI.SMBC.Services\TSI.SMBC.Services.csproj", "{AFFF5B9A-3C17-4043-A81F-E9D26EF9EB6A}"
EndProject
Project("{9A19103F-16F7-4668-BE54-9A1E7A4F7556}") = "TSI.SMBC.Services.Tests", "TSI.SMBC.Services\tests\TSI.SMBC.Services.Tests\TSI.SMBC.Services.Tests.csproj", "{83ADDC83-022A-423B-9F4F-07568D0782B8}"
EndProject
Project("{9A19103F-16F7-4668-BE54-9A1E7A4F7556}") = "TSI.SMBC.WebAPI", "TSI.SMBC.WebAPI\src\TSI.SMBC.WebAPI\TSI.SMBC.WebAPI.csproj", "{B874FDA6-DF3E-45FF-9C7A-81D42758B4F6}"
EndProject
Project("{9A19103F-16F7-4668-BE54-9A1E7A4F7556}") = "TSI.SMBC.WebAPI.Tests", "TSI.SMBC.WebAPI\tests\TSI.SMBC.WebAPI.Tests\TSI.SMBC.WebAPI.Tests.csproj", "{28492377-C7F9-4899-BC78-599459F4C516}"
EndProject
Global
	GlobalSection(SolutionConfigurationPlatforms) = preSolution
		Debug|Any CPU = Debug|Any CPU
		Release|Any CPU = Release|Any CPU
	EndGlobalSection
	GlobalSection(ProjectConfigurationPlatforms) = postSolution
		{26F172DD-03D1-46B5-9FA1-47EB2610ACA5}.Debug|Any CPU.ActiveCfg = Debug|Any CPU
		{26F172DD-03D1-46B5-9FA1-47EB2610ACA5}.Debug|Any CPU.Build.0 = Debug|Any CPU
		{26F172DD-03D1-46B5-9FA1-47EB2610ACA5}.Release|Any CPU.ActiveCfg = Release|Any CPU
		{26F172DD-03D1-46B5-9FA1-47EB2610ACA5}.Release|Any CPU.Build.0 = Release|Any CPU
		{75EFAE7A-34AE-48B0-BD6D-D99909965162}.Debug|Any CPU.ActiveCfg = Debug|Any CPU
		{75EFAE7A-34AE-48B0-BD6D-D99909965162}.Debug|Any CPU.Build.0 = Debug|Any CPU
		{75EFAE7A-34AE-48B0-BD6D-D99909965162}.Release|Any CPU.ActiveCfg = Release|Any CPU
		{75EFAE7A-34AE-48B0-BD6D-D99909965162}.Release|Any CPU.Build.0 = Release|Any CPU
		{BA9C66AC-A6E2-4B15-966B-E6BB571A1B57}.Debug|Any CPU.ActiveCfg = Debug|Any CPU
		{BA9C66AC-A6E2-4B15-966B-E6BB571A1B57}.Debug|Any CPU.Build.0 = Debug|Any CPU
		{BA9C66AC-A6E2-4B15-966B-E6BB571A1B57}.Release|Any CPU.ActiveCfg = Release|Any CPU
		{BA9C66AC-A6E2-4B15-966B-E6BB571A1B57}.Release|Any CPU.Build.0 = Release|Any CPU
		{3E7775E0-F59E-4DD1-95E3-43F264F22A07}.Debug|Any CPU.ActiveCfg = Debug|Any CPU
		{3E7775E0-F59E-4DD1-95E3-43F264F22A07}.Debug|Any CPU.Build.0 = Debug|Any CPU
		{3E7775E0-F59E-4DD1-95E3-43F264F22A07}.Release|Any CPU.ActiveCfg = Release|Any CPU
		{3E7775E0-F59E-4DD1-95E3-43F264F22A07}.Release|Any CPU.Build.0 = Release|Any CPU
		{71BD219A-C259-4F44-8208-75C97ACE4160}.Debug|Any CPU.ActiveCfg = Debug|Any CPU
		{71BD219A-C259-4F44-8208-75C97ACE4160}.Debug|Any CPU.Build.0 = Debug|Any CPU
		{71BD219A-C259-4F44-8208-75C97ACE4160}.Release|Any CPU.ActiveCfg = Release|Any CPU
		{71BD219A-C259-4F44-8208-75C97ACE4160}.Release|Any CPU.Build.0 = Release|Any CPU
		{89DB30F9-3264-48A1-A7E4-6B79DFCD4ED2}.Debug|Any CPU.ActiveCfg = Debug|Any CPU
		{89DB30F9-3264-48A1-A7E4-6B79DFCD4ED2}.Debug|Any CPU.Build.0 = Debug|Any CPU
		{89DB30F9-3264-48A1-A7E4-6B79DFCD4ED2}.Release|Any CPU.ActiveCfg = Release|Any CPU
		{89DB30F9-3264-48A1-A7E4-6B79DFCD4ED2}.Release|Any CPU.Build.0 = Release|Any CPU
		{F6828AC7-A5B5-4E08-82BE-A024E4B462A5}.Debug|Any CPU.ActiveCfg = Debug|Any CPU
		{F6828AC7-A5B5-4E08-82BE-A024E4B462A5}.Debug|Any CPU.Build.0 = Debug|Any CPU
		{F6828AC7-A5B5-4E08-82BE-A024E4B462A5}.Release|Any CPU.ActiveCfg = Release|Any CPU
		{F6828AC7-A5B5-4E08-82BE-A024E4B462A5}.Release|Any CPU.Build.0 = Release|Any CPU
		{E18D4588-F7B3-43C7-9202-B5B62028E6BB}.Debug|Any CPU.ActiveCfg = Debug|Any CPU
		{E18D4588-F7B3-43C7-9202-B5B62028E6BB}.Debug|Any CPU.Build.0 = Debug|Any CPU
		{E18D4588-F7B3-43C7-9202-B5B62028E6BB}.Release|Any CPU.ActiveCfg = Release|Any CPU
		{E18D4588-F7B3-43C7-9202-B5B62028E6BB}.Release|Any CPU.Build.0 = Release|Any CPU
		{AFFF5B9A-3C17-4043-A81F-E9D26EF9EB6A}.Debug|Any CPU.ActiveCfg = Debug|Any CPU
		{AFFF5B9A-3C17-4043-A81F-E9D26EF9EB6A}.Debug|Any CPU.Build.0 = Debug|Any CPU
		{AFFF5B9A-3C17-4043-A81F-E9D26EF9EB6A}.Release|Any CPU.ActiveCfg = Release|Any CPU
		{AFFF5B9A-3C17-4043-A81F-E9D26EF9EB6A}.Release|Any CPU.Build.0 = Release|Any CPU
		{83ADDC83-022A-423B-9F4F-07568D0782B8}.Debug|Any CPU.ActiveCfg = Debug|Any CPU
		{83ADDC83-022A-423B-9F4F-07568D0782B8}.Debug|Any CPU.Build.0 = Debug|Any CPU
		{83ADDC83-022A-423B-9F4F-07568D0782B8}.Release|Any CPU.ActiveCfg = Release|Any CPU
		{83ADDC83-022A-423B-9F4F-07568D0782B8}.Release|Any CPU.Build.0 = Release|Any CPU
		{B874FDA6-DF3E-45FF-9C7A-81D42758B4F6}.Debug|Any CPU.ActiveCfg = Debug|Any CPU
		{B874FDA6-DF3E-45FF-9C7A-81D42758B4F6}.Debug|Any CPU.Build.0 = Debug|Any CPU
		{B874FDA6-DF3E-45FF-9C7A-81D42758B4F6}.Release|Any CPU.ActiveCfg = Release|Any CPU
		{B874FDA6-DF3E-45FF-9C7A-81D42758B4F6}.Release|Any CPU.Build.0 = Release|Any CPU
		{28492377-C7F9-4899-BC78-599459F4C516}.Debug|Any CPU.ActiveCfg = Debug|Any CPU
		{28492377-C7F9-4899-BC78-599459F4C516}.Debug|Any CPU.Build.0 = Debug|Any CPU
		{28492377-C7F9-4899-BC78-599459F4C516}.Release|Any CPU.ActiveCfg = Release|Any CPU
		{28492377-C7F9-4899-BC78-599459F4C516}.Release|Any CPU.Build.0 = Release|Any CPU
	EndGlobalSection
	GlobalSection(SolutionProperties) = preSolution
		HideSolutionNode = FALSE
	EndGlobalSection
	GlobalSection(NestedProjects) = preSolution
		{26F172DD-03D1-46B5-9FA1-47EB2610ACA5} = {9EB74186-50EA-4CA3-9C51-83229BEA4B7B}
		{75EFAE7A-34AE-48B0-BD6D-D99909965162} = {9EB74186-50EA-4CA3-9C51-83229BEA4B7B}
		{BA9C66AC-A6E2-4B15-966B-E6BB571A1B57} = {17EAFB0F-012C-46D8-BA54-94313F8B101B}
		{3E7775E0-F59E-4DD1-95E3-43F264F22A07} = {17EAFB0F-012C-46D8-BA54-94313F8B101B}
		{71BD219A-C259-4F44-8208-75C97ACE4160} = {D0A39720-17CB-4F3E-976C-B799501859CE}
		{89DB30F9-3264-48A1-A7E4-6B79DFCD4ED2} = {D0A39720-17CB-4F3E-976C-B799501859CE}
		{F6828AC7-A5B5-4E08-82BE-A024E4B462A5} = {AAA15968-F652-47D8-AC72-68B0B32FE7E6}
		{E18D4588-F7B3-43C7-9202-B5B62028E6BB} = {AAA15968-F652-47D8-AC72-68B0B32FE7E6}
		{AFFF5B9A-3C17-4043-A81F-E9D26EF9EB6A} = {F8586662-2BD1-4139-8477-1FCC79C9109A}
		{83ADDC83-022A-423B-9F4F-07568D0782B8} = {F8586662-2BD1-4139-8477-1FCC79C9109A}
		{B874FDA6-DF3E-45FF-9C7A-81D42758B4F6} = {3A1B85B2-1168-4B6E-B202-AA8A42EF993C}
		{28492377-C7F9-4899-BC78-599459F4C516} = {3A1B85B2-1168-4B6E-B202-AA8A42EF993C}
	EndGlobalSection
	GlobalSection(ExtensibilityGlobals) = postSolution
		SolutionGuid = {483CF8E6-4A84-4D48-96FC-7BB14140DC4C}
	EndGlobalSection
EndGlobal
